// !$*UTF8*$!
{
	archiveVersion = 1;
	classes = {
	};
	objectVersion = 46;
	objects = {

/* Begin PBXBuildFile section */
		F0CCB3581CEA618700D5DBF8 /* AppDelegate.swift in Sources */ = {isa = PBXBuildFile; fileRef = F0CCB3571CEA618700D5DBF8 /* AppDelegate.swift */; };
		F0CCB35A1CEA618700D5DBF8 /* ViewController.swift in Sources */ = {isa = PBXBuildFile; fileRef = F0CCB3591CEA618700D5DBF8 /* ViewController.swift */; };
		F0CCB35D1CEA618700D5DBF8 /* Main.storyboard in Resources */ = {isa = PBXBuildFile; fileRef = F0CCB35B1CEA618700D5DBF8 /* Main.storyboard */; };
		F0CCB35F1CEA618700D5DBF8 /* Assets.xcassets in Resources */ = {isa = PBXBuildFile; fileRef = F0CCB35E1CEA618700D5DBF8 /* Assets.xcassets */; };
		F0CCB3621CEA618700D5DBF8 /* LaunchScreen.storyboard in Resources */ = {isa = PBXBuildFile; fileRef = F0CCB3601CEA618700D5DBF8 /* LaunchScreen.storyboard */; };
/* End PBXBuildFile section */

/* Begin PBXFileReference section */
		F0CCB3541CEA618700D5DBF8 /* Gestures.app */ = {isa = PBXFileReference; explicitFileType = wrapper.application; includeInIndex = 0; path = Gestures.app; sourceTree = BUILT_PRODUCTS_DIR; };
		F0CCB3571CEA618700D5DBF8 /* AppDelegate.swift */ = {isa = PBXFileReference; lastKnownFileType = sourcecode.swift; path = AppDelegate.swift; sourceTree = "<group>"; };
		F0CCB3591CEA618700D5DBF8 /* ViewController.swift */ = {isa = PBXFileReference; lastKnownFileType = sourcecode.swift; path = ViewController.swift; sourceTree = "<group>"; };
		F0CCB35C1CEA618700D5DBF8 /* Base */ = {isa = PBXFileReference; lastKnownFileType = file.storyboard; name = Base; path = Base.lproj/Main.storyboard; sourceTree = "<group>"; };
		F0CCB35E1CEA618700D5DBF8 /* Assets.xcassets */ = {isa = PBXFileReference; lastKnownFileType = folder.assetcatalog; path = Assets.xcassets; sourceTree = "<group>"; };
		F0CCB3611CEA618700D5DBF8 /* Base */ = {isa = PBXFileReference; lastKnownFileType = file.storyboard; name = Base; path = Base.lproj/LaunchScreen.storyboard; sourceTree = "<group>"; };
		F0CCB3631CEA618700D5DBF8 /* Info.plist */ = {isa = PBXFileReference; lastKnownFileType = text.plist.xml; path = Info.plist; sourceTree = "<group>"; };
/* End PBXFileReference section */

/* Begin PBXFrameworksBuildPhase section */
		F0CCB3511CEA618700D5DBF8 /* Frameworks */ = {
			isa = PBXFrameworksBuildPhase;
			buildActionMask = 2147483647;
			files = (
			);
			runOnlyForDeploymentPostprocessing = 0;
		};
/* End PBXFrameworksBuildPhase section */

/* Begin PBXGroup section */
		F0CCB34B1CEA618700D5DBF8 = {
			isa = PBXGroup;
			children = (
				F0CCB3561CEA618700D5DBF8 /* Gestures */,
				F0CCB3551CEA618700D5DBF8 /* Products */,
			);
			sourceTree = "<group>";
		};
		F0CCB3551CEA618700D5DBF8 /* Products */ = {
			isa = PBXGroup;
			children = (
				F0CCB3541CEA618700D5DBF8 /* Gestures.app */,
			);
			name = Products;
			sourceTree = "<group>";
		};
		F0CCB3561CEA618700D5DBF8 /* Gestures */ = {
			isa = PBXGroup;
			children = (
				F0CCB3571CEA618700D5DBF8 /* AppDelegate.swift */,
				F0CCB3591CEA618700D5DBF8 /* ViewController.swift */,
				F0CCB35B1CEA618700D5DBF8 /* Main.storyboard */,
				F0CCB35E1CEA618700D5DBF8 /* Assets.xcassets */,
				F0CCB3601CEA618700D5DBF8 /* LaunchScreen.storyboard */,
				F0CCB3631CEA618700D5DBF8 /* Info.plist */,
			);
			path = Gestures;
			sourceTree = "<group>";
		};
/* End PBXGroup section */

/* Begin PBXNativeTarget section */
		F0CCB3531CEA618700D5DBF8 /* Gestures */ = {
			isa = PBXNativeTarget;
			buildConfigurationList = F0CCB3661CEA618700D5DBF8 /* Build configuration list for PBXNativeTarget "Gestures" */;
			buildPhases = (
				F0CCB3501CEA618700D5DBF8 /* Sources */,
				F0CCB3511CEA618700D5DBF8 /* Frameworks */,
				F0CCB3521CEA618700D5DBF8 /* Resources */,
			);
			buildRules = (
			);
			dependencies = (
			);
			name = Gestures;
			productName = Gestures;
			productReference = F0CCB3541CEA618700D5DBF8 /* Gestures.app */;
			productType = "com.apple.product-type.application";
		};
/* End PBXNativeTarget section */

/* Begin PBXProject section */
		F0CCB34C1CEA618700D5DBF8 /* Project object */ = {
			isa = PBXProject;
			attributes = {
				LastSwiftUpdateCheck = 0730;
				LastUpgradeCheck = 0730;
				ORGANIZATIONNAME = "Justin Vasselli";
				TargetAttributes = {
					F0CCB3531CEA618700D5DBF8 = {
						CreatedOnToolsVersion = 7.3.1;
					};
				};
			};
			buildConfigurationList = F0CCB34F1CEA618700D5DBF8 /* Build configuration list for PBXProject "Gestures" */;
			compatibilityVersion = "Xcode 3.2";
			developmentRegion = English;
			hasScannedForEncodings = 0;
			knownRegions = (
				en,
				Base,
			);
			mainGroup = F0CCB34B1CEA618700D5DBF8;
			productRefGroup = F0CCB3551CEA618700D5DBF8 /* Products */;
			projectDirPath = "";
			projectRoot = "";
			targets = (
				F0CCB3531CEA618700D5DBF8 /* Gestures */,
			);
		};
/* End PBXProject section */

/* Begin PBXResourcesBuildPhase section */
		F0CCB3521CEA618700D5DBF8 /* Resources */ = {
			isa = PBXResourcesBuildPhase;
			buildActionMask = 2147483647;
			files = (
				F0CCB3621CEA618700D5DBF8 /* LaunchScreen.storyboard in Resources */,
				F0CCB35F1CEA618700D5DBF8 /* Assets.xcassets in Resources */,
				F0CCB35D1CEA618700D5DBF8 /* Main.storyboard in Resources */,
			);
			runOnlyForDeploymentPostprocessing = 0;
		};
/* End PBXResourcesBuildPhase section */

/* Begin PBXSourcesBuildPhase section */
		F0CCB3501CEA618700D5DBF8 /* Sources */ = {
			isa = PBXSourcesBuildPhase;
			buildActionMask = 2147483647;
			files = (
				F0CCB35A1CEA618700D5DBF8 /* ViewController.swift in Sources */,
				F0CCB3581CEA618700D5DBF8 /* AppDelegate.swift in Sources */,
			);
			runOnlyForDeploymentPostprocessing = 0;
		};
/* End PBXSourcesBuildPhase section */

/* Begin PBXVariantGroup section */
		F0CCB35B1CEA618700D5DBF8 /* Main.storyboard */ = {
			isa = PBXVariantGroup;
			children = (
				F0CCB35C1CEA618700D5DBF8 /* Base */,
			);
			name = Main.storyboard;
			sourceTree = "<group>";
		};
		F0CCB3601CEA618700D5DBF8 /* LaunchScreen.storyboard */ = {
			isa = PBXVariantGroup;
			children = (
				F0CCB3611CEA618700D5DBF8 /* Base */,
			);
			name = LaunchScreen.storyboard;
			sourceTree = "<group>";
		};
/* End PBXVariantGroup section */

/* Begin XCBuildConfiguration section */
		F0CCB3641CEA618700D5DBF8 /* Debug */ = {
			isa = XCBuildConfiguration;
			buildSettings = {
				ALWAYS_SEARCH_USER_PATHS = NO;
				CLANG_ANALYZER_NONNULL = YES;
				CLANG_CXX_LANGUAGE_STANDARD = "gnu++0x";
				CLANG_CXX_LIBRARY = "libc++";
				CLANG_ENABLE_MODULES = YES;
				CLANG_ENABLE_OBJC_ARC = YES;
				CLANG_WARN_BOOL_CONVERSION = YES;
				CLANG_WARN_CONSTANT_CONVERSION = YES;
				CLANG_WARN_DIRECT_OBJC_ISA_USAGE = YES_ERROR;
				CLANG_WARN_EMPTY_BODY = YES;
				CLANG_WARN_ENUM_CONVERSION = YES;
				CLANG_WARN_INT_CONVERSION = YES;
				CLANG_WARN_OBJC_ROOT_CLASS = YES_ERROR;
				CLANG_WARN_UNREACHABLE_CODE = YES;
				CLANG_WARN__DUPLICATE_METHOD_MATCH = YES;
				"CODE_SIGN_IDENTITY[sdk=iphoneos*]" = "iPhone Developer";
				COPY_PHASE_STRIP = NO;
				DEBUG_INFORMATION_FORMAT = dwarf;
				ENABLE_STRICT_OBJC_MSGSEND = YES;
				ENABLE_TESTABILITY = YES;
				GCC_C_LANGUAGE_STANDARD = gnu99;
				GCC_DYNAMIC_NO_PIC = NO;
				GCC_NO_COMMON_BLOCKS = YES;
				GCC_OPTIMIZATION_LEVEL = 0;
				GCC_PREPROCESSOR_DEFINITIONS = (
					"DEBUG=1",
					"$(inherited)",
				);
				GCC_WARN_64_TO_32_BIT_CONVERSION = YES;
				GCC_WARN_ABOUT_RETURN_TYPE = YES_ERROR;
				GCC_WARN_UNDECLARED_SELECTOR = YES;
				GCC_WARN_UNINITIALIZED_AUTOS = YES_AGGRESSIVE;
				GCC_WARN_UNUSED_FUNCTION = YES;
				GCC_WARN_UNUSED_VARIABLE = YES;
				IPHONEOS_DEPLOYMENT_TARGET = 9.3;
				MTL_ENABLE_DEBUG_INFO = YES;
				ONLY_ACTIVE_ARCH = YES;
				SDKROOT = iphoneos;
				SWIFT_OPTIMIZATION_LEVEL = "-Onone";
				TARGETED_DEVICE_FAMILY = "1,2";
			};
			name = Debug;
		};
		F0CCB3651CEA618700D5DBF8 /* Release */ = {
			isa = XCBuildConfiguration;
			buildSettings = {
				ALWAYS_SEARCH_USER_PATHS = NO;
				CLANG_ANALYZER_NONNULL = YES;
				CLANG_CXX_LANGUAGE_STANDARD = "gnu++0x";
				CLANG_CXX_LIBRARY = "libc++";
				CLANG_ENABLE_MODULES = YES;
				CLANG_ENABLE_OBJC_ARC = YES;
				CLANG_WARN_BOOL_CONVERSION = YES;
				CLANG_WARN_CONSTANT_CONVERSION = YES;
				CLANG_WARN_DIRECT_OBJC_ISA_USAGE = YES_ERROR;
				CLANG_WARN_EMPTY_BODY = YES;
				CLANG_WARN_ENUM_CONVERSION = YES;
				CLANG_WARN_INT_CONVERSION = YES;
				CLANG_WARN_OBJC_ROOT_CLASS = YES_ERROR;
				CLANG_WARN_UNREACHABLE_CODE = YES;
				CLANG_WARN__DUPLICATE_METHOD_MATCH = YES;
				"CODE_SIGN_IDENTITY[sdk=iphoneos*]" = "iPhone Developer";
				COPY_PHASE_STRIP = NO;
				DEBUG_INFORMATION_FORMAT = "dwarf-with-dsym";
				ENABLE_NS_ASSERTIONS = NO;
				ENABLE_STRICT_OBJC_MSGSEND = YES;
				GCC_C_LANGUAGE_STANDARD = gnu99;
				GCC_NO_COMMON_BLOCKS = YES;
				GCC_WARN_64_TO_32_BIT_CONVERSION = YES;
				GCC_WARN_ABOUT_RETURN_TYPE = YES_ERROR;
				GCC_WARN_UNDECLARED_SELECTOR = YES;
				GCC_WARN_UNINITIALIZED_AUTOS = YES_AGGRESSIVE;
				GCC_WARN_UNUSED_FUNCTION = YES;
				GCC_WARN_UNUSED_VARIABLE = YES;
				IPHONEOS_DEPLOYMENT_TARGET = 9.3;
				MTL_ENABLE_DEBUG_INFO = NO;
				SDKROOT = iphoneos;
				TARGETED_DEVICE_FAMILY = "1,2";
				VALIDATE_PRODUCT = YES;
			};
			name = Release;
		};
		F0CCB3671CEA618700D5DBF8 /* Debug */ = {
			isa = XCBuildConfiguration;
			buildSettings = {
				ASSETCATALOG_COMPILER_APPICON_NAME = AppIcon;
				INFOPLIST_FILE = Gestures/Info.plist;
				LD_RUNPATH_SEARCH_PATHS = "$(inherited) @executable_path/Frameworks";
				PRODUCT_BUNDLE_IDENTIFIER = com.bennington.Gestures;
				PRODUCT_NAME = "$(TARGET_NAME)";
			};
			name = Debug;
		};
		F0CCB3681CEA618700D5DBF8 /* Release */ = {
			isa = XCBuildConfiguration;
			buildSettings = {
				ASSETCATALOG_COMPILER_APPICON_NAME = AppIcon;
				INFOPLIST_FILE = Gestures/Info.plist;
				LD_RUNPATH_SEARCH_PATHS = "$(inherited) @executable_path/Frameworks";
				PRODUCT_BUNDLE_IDENTIFIER = com.bennington.Gestures;
				PRODUCT_NAME = "$(TARGET_NAME)";
			};
			name = Release;
		};
/* End XCBuildConfiguration section */

/* Begin XCConfigurationList section */
		F0CCB34F1CEA618700D5DBF8 /* Build configuration list for PBXProject "Gestures" */ = {
			isa = XCConfigurationList;
			buildConfigurations = (
				F0CCB3641CEA618700D5DBF8 /* Debug */,
				F0CCB3651CEA618700D5DBF8 /* Release */,
			);
			defaultConfigurationIsVisible = 0;
			defaultConfigurationName = Release;
		};
		F0CCB3661CEA618700D5DBF8 /* Build configuration list for PBXNativeTarget "Gestures" */ = {
			isa = XCConfigurationList;
			buildConfigurations = (
				F0CCB3671CEA618700D5DBF8 /* Debug */,
				F0CCB3681CEA618700D5DBF8 /* Release */,
			);
			defaultConfigurationIsVisible = 0;
		};
/* End XCConfigurationList section */
	};
	rootObject = F0CCB34C1CEA618700D5DBF8 /* Project object */;
}
